
Microsoft Visual Studio Solution File, Format Version 12.00
# Visual Studio Express 2013 for Windows Desktop
VisualStudioVersion = 12.0.21005.1
MinimumVisualStudioVersion = 10.0.40219.1
Project("{8BC9CEB8-8B4A-11D0-8D11-00A0C91BC942}") = "AnimaRender", "AnimaRender\AnimaRender.vcxproj", "{5A41EF30-42A9-43D6-9177-E867086DABBC}"
EndProject
Project("{2150E333-8FDC-42A3-9474-1A3956D46DE8}") = ".nuget", ".nuget", "{1BB151A7-A1FD-4871-9D8D-12F33A5460CD}"
	ProjectSection(SolutionItems) = preProject
		.nuget\NuGet.Config = .nuget\NuGet.Config
		.nuget\NuGet.exe = .nuget\NuGet.exe
		.nuget\NuGet.targets = .nuget\NuGet.targets
	EndProjectSection
EndProject
Global
	GlobalSection(SolutionConfigurationPlatforms) = preSolution
		Debug|Win32 = Debug|Win32
		Release|Win32 = Release|Win32
	EndGlobalSection
	GlobalSection(ProjectConfigurationPlatforms) = postSolution
		{5A41EF30-42A9-43D6-9177-E867086DABBC}.Debug|Win32.ActiveCfg = Debug|Win32
		{5A41EF30-42A9-43D6-9177-E867086DABBC}.Debug|Win32.Build.0 = Debug|Win32
		{5A41EF30-42A9-43D6-9177-E867086DABBC}.Release|Win32.ActiveCfg = Release|Win32
		{5A41EF30-42A9-43D6-9177-E867086DABBC}.Release|Win32.Build.0 = Release|Win32
	EndGlobalSection
	GlobalSection(SolutionProperties) = preSolution
		HideSolutionNode = FALSE
	EndGlobalSection
EndGlobal
