
Microsoft Visual Studio Solution File, Format Version 12.00
# Visual Studio 2013
VisualStudioVersion = 12.0.30110.0
MinimumVisualStudioVersion = 10.0.40219.1
Project("{8BC9CEB8-8B4A-11D0-8D11-00A0C91BC942}") = "AnimaRender", "AnimaRender\AnimaRender.vcxproj", "{5A41EF30-42A9-43D6-9177-E867086DABBC}"
EndProject
Project("{930C7802-8A8C-48F9-8165-68863BCCD9DD}") = "AnimaRenderSetup", "AnimaRenderSetup\AnimaRenderSetup.wixproj", "{1E06BDD5-9963-42A6-AED1-CA2B4CED410D}"
EndProject
Global
	GlobalSection(SolutionConfigurationPlatforms) = preSolution
		Debug|Mixed Platforms = Debug|Mixed Platforms
		Debug|Win32 = Debug|Win32
		Debug|x86 = Debug|x86
		Release|Mixed Platforms = Release|Mixed Platforms
		Release|Win32 = Release|Win32
		Release|x86 = Release|x86
	EndGlobalSection
	GlobalSection(ProjectConfigurationPlatforms) = postSolution
		{5A41EF30-42A9-43D6-9177-E867086DABBC}.Debug|Mixed Platforms.ActiveCfg = Debug|Win32
		{5A41EF30-42A9-43D6-9177-E867086DABBC}.Debug|Mixed Platforms.Build.0 = Debug|Win32
		{5A41EF30-42A9-43D6-9177-E867086DABBC}.Debug|Win32.ActiveCfg = Debug|Win32
		{5A41EF30-42A9-43D6-9177-E867086DABBC}.Debug|Win32.Build.0 = Debug|Win32
		{5A41EF30-42A9-43D6-9177-E867086DABBC}.Debug|x86.ActiveCfg = Debug|Win32
		{5A41EF30-42A9-43D6-9177-E867086DABBC}.Debug|x86.Build.0 = Debug|Win32
		{5A41EF30-42A9-43D6-9177-E867086DABBC}.Release|Mixed Platforms.ActiveCfg = Release|Win32
		{5A41EF30-42A9-43D6-9177-E867086DABBC}.Release|Mixed Platforms.Build.0 = Release|Win32
		{5A41EF30-42A9-43D6-9177-E867086DABBC}.Release|Win32.ActiveCfg = Release|Win32
		{5A41EF30-42A9-43D6-9177-E867086DABBC}.Release|Win32.Build.0 = Release|Win32
		{5A41EF30-42A9-43D6-9177-E867086DABBC}.Release|x86.ActiveCfg = Release|Win32
		{5A41EF30-42A9-43D6-9177-E867086DABBC}.Release|x86.Build.0 = Release|Win32
		{1E06BDD5-9963-42A6-AED1-CA2B4CED410D}.Debug|Mixed Platforms.ActiveCfg = Debug|x86
		{1E06BDD5-9963-42A6-AED1-CA2B4CED410D}.Debug|Win32.ActiveCfg = Debug|x86
		{1E06BDD5-9963-42A6-AED1-CA2B4CED410D}.Debug|Win32.Build.0 = Debug|x86
		{1E06BDD5-9963-42A6-AED1-CA2B4CED410D}.Debug|x86.ActiveCfg = Debug|x86
		{1E06BDD5-9963-42A6-AED1-CA2B4CED410D}.Debug|x86.Build.0 = Debug|x86
		{1E06BDD5-9963-42A6-AED1-CA2B4CED410D}.Release|Mixed Platforms.ActiveCfg = Release|x86
		{1E06BDD5-9963-42A6-AED1-CA2B4CED410D}.Release|Mixed Platforms.Build.0 = Release|x86
		{1E06BDD5-9963-42A6-AED1-CA2B4CED410D}.Release|Win32.ActiveCfg = Release|x86
		{1E06BDD5-9963-42A6-AED1-CA2B4CED410D}.Release|Win32.Build.0 = Release|x86
		{1E06BDD5-9963-42A6-AED1-CA2B4CED410D}.Release|x86.ActiveCfg = Release|x86
		{1E06BDD5-9963-42A6-AED1-CA2B4CED410D}.Release|x86.Build.0 = Release|x86
	EndGlobalSection
	GlobalSection(SolutionProperties) = preSolution
		HideSolutionNode = FALSE
	EndGlobalSection
EndGlobal
