<?xml version="1.0" encoding="utf-8"?>
<Project ToolsVersion="4.0" xmlns="http://schemas.microsoft.com/developer/msbuild/2003">
  <ItemGroup>
    <Filter Include="Source Files">
      <UniqueIdentifier>{4FC737F1-C7A5-4376-A066-2A32D752A2FF}</UniqueIdentifier>
      <Extensions>cpp;c;cc;cxx;def;odl;idl;hpj;bat;asm;asmx</Extensions>
    </Filter>
    <Filter Include="Header Files">
      <UniqueIdentifier>{93995380-89BD-4b04-88EB-625FBE52EBFB}</UniqueIdentifier>
      <Extensions>h;hh;hpp;hxx;hm;inl;inc;xsd</Extensions>
    </Filter>
    <Filter Include="Resource Files">
      <UniqueIdentifier>{67DA6AB6-F800-4c08-8B7A-83BB121AAD01}</UniqueIdentifier>
      <Extensions>rc;ico;cur;bmp;dlg;rc2;rct;bin;rgs;gif;jpg;jpeg;jpe;resx;tiff;tif;png;wav;mfcribbon-ms</Extensions>
    </Filter>
    <Filter Include="Header Files\objloader">
      <UniqueIdentifier>{1621820e-28e6-4cb0-8a0e-6a5f67e905ba}</UniqueIdentifier>
    </Filter>
    <Filter Include="Header Files\scene">
      <UniqueIdentifier>{12194fc1-eb11-486f-ab74-22eba1720e81}</UniqueIdentifier>
    </Filter>
    <Filter Include="Header Files\utils">
      <UniqueIdentifier>{3ebff440-afa3-409d-b309-5630e0565e7e}</UniqueIdentifier>
    </Filter>
    <Filter Include="Source Files\utils">
      <UniqueIdentifier>{89d54340-24c1-49d7-960d-8597027e4074}</UniqueIdentifier>
    </Filter>
    <Filter Include="Source Files\scene">
      <UniqueIdentifier>{e2731e3d-72b3-42a4-b64d-1a05cb471239}</UniqueIdentifier>
    </Filter>
    <Filter Include="Source Files\objloader">
      <UniqueIdentifier>{92cc314b-e34f-4972-9e5d-8b0dd0d4d7ec}</UniqueIdentifier>
    </Filter>
    <Filter Include="Source Files\texture-formats">
      <UniqueIdentifier>{770ab08f-45fb-48a3-9678-185f0b5716e6}</UniqueIdentifier>
    </Filter>
    <Filter Include="Header Files\texture-formats">
      <UniqueIdentifier>{1be75304-5c95-4ebb-a473-93e9035a307f}</UniqueIdentifier>
    </Filter>
    <Filter Include="Header Files\primitives">
      <UniqueIdentifier>{7cbed56b-fd7f-43fb-a55e-600e9a209a5b}</UniqueIdentifier>
    </Filter>
    <Filter Include="Source Files\primitives">
      <UniqueIdentifier>{a3552339-a532-4ff6-9354-caaba898a875}</UniqueIdentifier>
    </Filter>
  </ItemGroup>
  <ItemGroup>
    <ResourceCompile Include="AnimaRender.rc">
      <Filter>Resource Files</Filter>
    </ResourceCompile>
  </ItemGroup>
  <ItemGroup>
    <ClInclude Include="utils\util.h">
      <Filter>Header Files\utils</Filter>
    </ClInclude>
    <ClInclude Include="scene\Camera.h">
      <Filter>Header Files\scene</Filter>
    </ClInclude>
    <ClInclude Include="scene\Light.h">
      <Filter>Header Files\scene</Filter>
    </ClInclude>
    <ClInclude Include="scene\Object.h">
      <Filter>Header Files\scene</Filter>
    </ClInclude>
    <ClInclude Include="scene\Scene.h">
      <Filter>Header Files\scene</Filter>
    </ClInclude>
    <ClInclude Include="scene\scene_parser.h">
      <Filter>Header Files\scene</Filter>
    </ClInclude>
    <ClInclude Include="scene\Transform.h">
      <Filter>Header Files\scene</Filter>
    </ClInclude>
    <ClInclude Include="objloader\list.h">
      <Filter>Header Files\objloader</Filter>
    </ClInclude>
    <ClInclude Include="objloader\obj_parser.h">
      <Filter>Header Files\objloader</Filter>
    </ClInclude>
    <ClInclude Include="objloader\objLoader.h">
      <Filter>Header Files\objloader</Filter>
    </ClInclude>
    <ClInclude Include="objloader\string_extra.h">
      <Filter>Header Files\objloader</Filter>
    </ClInclude>
    <ClInclude Include="texture-formats\tgareader.h">
      <Filter>Header Files\texture-formats</Filter>
    </ClInclude>
    <ClInclude Include="texture-formats\pngreader.h">
      <Filter>Header Files\texture-formats</Filter>
    </ClInclude>
    <ClInclude Include="texture-formats\bmpreader.h">
      <Filter>Header Files\texture-formats</Filter>
    </ClInclude>
    <ClInclude Include="primitives\sphere.h">
      <Filter>Header Files\primitives</Filter>
    </ClInclude>
    <ClInclude Include="primitives\cube.h">
      <Filter>Header Files\primitives</Filter>
    </ClInclude>
    <ClInclude Include="primitives\tesselated_sphere.h">
      <Filter>Header Files\primitives</Filter>
    </ClInclude>
    <ClInclude Include="primitives\quad.h">
      <Filter>Header Files\primitives</Filter>
    </ClInclude>
    <ClInclude Include="glfuncs.h">
      <Filter>Header Files</Filter>
    </ClInclude>
  </ItemGroup>
  <ItemGroup>
    <ClCompile Include="utils\util.cpp">
      <Filter>Source Files\utils</Filter>
    </ClCompile>
    <ClCompile Include="scene\Camera.cpp">
      <Filter>Source Files\scene</Filter>
    </ClCompile>
    <ClCompile Include="scene\Light.cpp">
      <Filter>Source Files\scene</Filter>
    </ClCompile>
    <ClCompile Include="scene\Object.cpp">
      <Filter>Source Files\scene</Filter>
    </ClCompile>
    <ClCompile Include="scene\Scene.cpp">
      <Filter>Source Files\scene</Filter>
    </ClCompile>
    <ClCompile Include="scene\scene_parser.cpp">
      <Filter>Source Files\scene</Filter>
    </ClCompile>
    <ClCompile Include="scene\Transform.cpp">
      <Filter>Source Files\scene</Filter>
    </ClCompile>
    <ClCompile Include="objloader\list.cpp">
      <Filter>Source Files\objloader</Filter>
    </ClCompile>
    <ClCompile Include="objloader\obj_parser.cpp">
      <Filter>Source Files\objloader</Filter>
    </ClCompile>
    <ClCompile Include="objloader\objLoader.cpp">
      <Filter>Source Files\objloader</Filter>
    </ClCompile>
    <ClCompile Include="objloader\string_extra.cpp">
      <Filter>Source Files\objloader</Filter>
    </ClCompile>
    <ClCompile Include="glfuncs.cpp">
      <Filter>Source Files</Filter>
    </ClCompile>
    <ClCompile Include="main.cpp">
      <Filter>Source Files</Filter>
    </ClCompile>
    <ClCompile Include="texture-formats\tgareader.cpp">
      <Filter>Source Files\texture-formats</Filter>
    </ClCompile>
    <ClCompile Include="texture-formats\pngreader.cpp">
      <Filter>Source Files\texture-formats</Filter>
    </ClCompile>
    <ClCompile Include="texture-formats\bmpreader.cpp">
      <Filter>Source Files\texture-formats</Filter>
    </ClCompile>
    <ClCompile Include="primitives\sphere.cpp">
      <Filter>Source Files\primitives</Filter>
    </ClCompile>
    <ClCompile Include="primitives\cube.cpp">
      <Filter>Source Files\primitives</Filter>
    </ClCompile>
    <ClCompile Include="primitives\tesseleated_sphere.cpp">
      <Filter>Source Files\primitives</Filter>
    </ClCompile>
    <ClCompile Include="primitives\quad.cpp">
      <Filter>Source Files\primitives</Filter>
    </ClCompile>
    <ClCompile Include="$(MSBuildThisFileDirectory)..\..\lib\native\src\lodepng.cpp">
      <Filter>Source Files</Filter>
    </ClCompile>
  </ItemGroup>
  <ItemGroup>
    <None Include="packages.config" />
  </ItemGroup>
</Project>